
Microsoft Visual Studio Solution File, Format Version 12.00
# Visual Studio Version 17
VisualStudioVersion = 17.11.35327.3
MinimumVisualStudioVersion = 10.0.40219.1
Project("{FAE04EC0-301F-11D3-BF4B-00C04F79EFBC}") = "EF-DBFirst", "EF-DBFirst\EF-DBFirst.csproj", "{4F8CDF7D-9E53-4CFF-AF77-26260297D377}"
EndProject
Global
	GlobalSection(SolutionConfigurationPlatforms) = preSolution
		Debug|Any CPU = Debug|Any CPU
		Release|Any CPU = Release|Any CPU
	EndGlobalSection
	GlobalSection(ProjectConfigurationPlatforms) = postSolution
		{4F8CDF7D-9E53-4CFF-AF77-26260297D377}.Debug|Any CPU.ActiveCfg = Debug|Any CPU
		{4F8CDF7D-9E53-4CFF-AF77-26260297D377}.Debug|Any CPU.Build.0 = Debug|Any CPU
		{4F8CDF7D-9E53-4CFF-AF77-26260297D377}.Release|Any CPU.ActiveCfg = Release|Any CPU
		{4F8CDF7D-9E53-4CFF-AF77-26260297D377}.Release|Any CPU.Build.0 = Release|Any CPU
	EndGlobalSection
	GlobalSection(SolutionProperties) = preSolution
		HideSolutionNode = FALSE
	EndGlobalSection
	GlobalSection(ExtensibilityGlobals) = postSolution
		SolutionGuid = {95C541CB-D469-47D8-A3B2-13439F067C7F}
	EndGlobalSection
EndGlobal
